
Microsoft Visual Studio Solution File, Format Version 12.00
# Visual Studio Version 17
VisualStudioVersion = 17.0.31903.59
MinimumVisualStudioVersion = 10.0.40219.1
Project("{2150E333-8FDC-42A3-9474-1A3956D46DE8}") = "src", "src", "{4177FD78-15A1-42F4-817D-8B5E3CA8D54E}"
EndProject
Project("{2150E333-8FDC-42A3-9474-1A3956D46DE8}") = "App", "App", "{F1898BAD-096B-44D6-A94F-8CF12C9ADD69}"
EndProject
Project("{2150E333-8FDC-42A3-9474-1A3956D46DE8}") = "BuildingBlocks", "BuildingBlocks", "{6A7BD232-4B4E-4CF7-BFC5-B35C222C6075}"
EndProject
Project("{2150E333-8FDC-42A3-9474-1A3956D46DE8}") = "Modules", "Modules", "{DC2D1937-72E7-4DD1-95C7-0DF2BC43E2F7}"
EndProject
Project("{FAE04EC0-301F-11D3-BF4B-00C04F79EFBC}") = "DataStore.App", "src\App\DataStore.App\DataStore.App.csproj", "{65853BF0-7477-46ED-8CBE-C5E5AB361B6A}"
EndProject
Project("{FAE04EC0-301F-11D3-BF4B-00C04F79EFBC}") = "DataStore.App.UI", "src\App\DataStore.App.UI\DataStore.App.UI.csproj", "{8229D962-500A-4B50-8A4B-35EFDCCDE4B9}"
EndProject
Project("{FAE04EC0-301F-11D3-BF4B-00C04F79EFBC}") = "DataStore.Common", "src\BuildingBlocks\DataStore.Common\DataStore.Common.csproj", "{9CFC1F17-C8E5-403B-9567-7A8F2CF018A3}"
EndProject
Project("{2150E333-8FDC-42A3-9474-1A3956D46DE8}") = "ContactModule", "ContactModule", "{A83EFD12-4D90-4B1D-94B5-A5A4305A0D5F}"
EndProject
Project("{FAE04EC0-301F-11D3-BF4B-00C04F79EFBC}") = "ContactModule.Models", "src\Modules\ContactModule\ContactModule.Models\ContactModule.Models.csproj", "{0EB7027C-A8A5-482E-9F6F-5B1512DDD630}"
EndProject
Project("{FAE04EC0-301F-11D3-BF4B-00C04F79EFBC}") = "ContactModule.Services", "src\Modules\ContactModule\ContactModule.Services\ContactModule.Services.csproj", "{A63DD10E-7FC7-433C-A238-2BB8013A351C}"
EndProject
Project("{FAE04EC0-301F-11D3-BF4B-00C04F79EFBC}") = "ContactModule.WebApp", "src\Modules\ContactModule\ContactModule.WebApp\ContactModule.WebApp.csproj", "{99510CF8-5E10-4DA6-BFED-5C1CE0E65833}"
EndProject
Project("{2150E333-8FDC-42A3-9474-1A3956D46DE8}") = "SharedModule", "SharedModule", "{E674B19E-C7F9-42D6-B565-CD04ABE4A1AA}"
EndProject
Project("{FAE04EC0-301F-11D3-BF4B-00C04F79EFBC}") = "SharedModule.Models", "src\Modules\SharedModule\SharedModule.Models\SharedModule.Models.csproj", "{A3C5CFD6-BED8-42E9-ADD0-4B57DA4F606E}"
EndProject
Global
	GlobalSection(SolutionConfigurationPlatforms) = preSolution
		Debug|Any CPU = Debug|Any CPU
		Release|Any CPU = Release|Any CPU
	EndGlobalSection
	GlobalSection(ProjectConfigurationPlatforms) = postSolution
		{65853BF0-7477-46ED-8CBE-C5E5AB361B6A}.Debug|Any CPU.ActiveCfg = Debug|Any CPU
		{65853BF0-7477-46ED-8CBE-C5E5AB361B6A}.Debug|Any CPU.Build.0 = Debug|Any CPU
		{65853BF0-7477-46ED-8CBE-C5E5AB361B6A}.Release|Any CPU.ActiveCfg = Release|Any CPU
		{65853BF0-7477-46ED-8CBE-C5E5AB361B6A}.Release|Any CPU.Build.0 = Release|Any CPU
		{8229D962-500A-4B50-8A4B-35EFDCCDE4B9}.Debug|Any CPU.ActiveCfg = Debug|Any CPU
		{8229D962-500A-4B50-8A4B-35EFDCCDE4B9}.Debug|Any CPU.Build.0 = Debug|Any CPU
		{8229D962-500A-4B50-8A4B-35EFDCCDE4B9}.Release|Any CPU.ActiveCfg = Release|Any CPU
		{8229D962-500A-4B50-8A4B-35EFDCCDE4B9}.Release|Any CPU.Build.0 = Release|Any CPU
		{9CFC1F17-C8E5-403B-9567-7A8F2CF018A3}.Debug|Any CPU.ActiveCfg = Debug|Any CPU
		{9CFC1F17-C8E5-403B-9567-7A8F2CF018A3}.Debug|Any CPU.Build.0 = Debug|Any CPU
		{9CFC1F17-C8E5-403B-9567-7A8F2CF018A3}.Release|Any CPU.ActiveCfg = Release|Any CPU
		{9CFC1F17-C8E5-403B-9567-7A8F2CF018A3}.Release|Any CPU.Build.0 = Release|Any CPU
		{0EB7027C-A8A5-482E-9F6F-5B1512DDD630}.Debug|Any CPU.ActiveCfg = Debug|Any CPU
		{0EB7027C-A8A5-482E-9F6F-5B1512DDD630}.Debug|Any CPU.Build.0 = Debug|Any CPU
		{0EB7027C-A8A5-482E-9F6F-5B1512DDD630}.Release|Any CPU.ActiveCfg = Release|Any CPU
		{0EB7027C-A8A5-482E-9F6F-5B1512DDD630}.Release|Any CPU.Build.0 = Release|Any CPU
		{A63DD10E-7FC7-433C-A238-2BB8013A351C}.Debug|Any CPU.ActiveCfg = Debug|Any CPU
		{A63DD10E-7FC7-433C-A238-2BB8013A351C}.Debug|Any CPU.Build.0 = Debug|Any CPU
		{A63DD10E-7FC7-433C-A238-2BB8013A351C}.Release|Any CPU.ActiveCfg = Release|Any CPU
		{A63DD10E-7FC7-433C-A238-2BB8013A351C}.Release|Any CPU.Build.0 = Release|Any CPU
		{99510CF8-5E10-4DA6-BFED-5C1CE0E65833}.Debug|Any CPU.ActiveCfg = Debug|Any CPU
		{99510CF8-5E10-4DA6-BFED-5C1CE0E65833}.Debug|Any CPU.Build.0 = Debug|Any CPU
		{99510CF8-5E10-4DA6-BFED-5C1CE0E65833}.Release|Any CPU.ActiveCfg = Release|Any CPU
		{99510CF8-5E10-4DA6-BFED-5C1CE0E65833}.Release|Any CPU.Build.0 = Release|Any CPU
		{A3C5CFD6-BED8-42E9-ADD0-4B57DA4F606E}.Debug|Any CPU.ActiveCfg = Debug|Any CPU
		{A3C5CFD6-BED8-42E9-ADD0-4B57DA4F606E}.Debug|Any CPU.Build.0 = Debug|Any CPU
		{A3C5CFD6-BED8-42E9-ADD0-4B57DA4F606E}.Release|Any CPU.ActiveCfg = Release|Any CPU
		{A3C5CFD6-BED8-42E9-ADD0-4B57DA4F606E}.Release|Any CPU.Build.0 = Release|Any CPU
	EndGlobalSection
	GlobalSection(SolutionProperties) = preSolution
		HideSolutionNode = FALSE
	EndGlobalSection
	GlobalSection(NestedProjects) = preSolution
		{F1898BAD-096B-44D6-A94F-8CF12C9ADD69} = {4177FD78-15A1-42F4-817D-8B5E3CA8D54E}
		{6A7BD232-4B4E-4CF7-BFC5-B35C222C6075} = {4177FD78-15A1-42F4-817D-8B5E3CA8D54E}
		{DC2D1937-72E7-4DD1-95C7-0DF2BC43E2F7} = {4177FD78-15A1-42F4-817D-8B5E3CA8D54E}
		{65853BF0-7477-46ED-8CBE-C5E5AB361B6A} = {F1898BAD-096B-44D6-A94F-8CF12C9ADD69}
		{8229D962-500A-4B50-8A4B-35EFDCCDE4B9} = {F1898BAD-096B-44D6-A94F-8CF12C9ADD69}
		{9CFC1F17-C8E5-403B-9567-7A8F2CF018A3} = {6A7BD232-4B4E-4CF7-BFC5-B35C222C6075}
		{A83EFD12-4D90-4B1D-94B5-A5A4305A0D5F} = {DC2D1937-72E7-4DD1-95C7-0DF2BC43E2F7}
		{0EB7027C-A8A5-482E-9F6F-5B1512DDD630} = {A83EFD12-4D90-4B1D-94B5-A5A4305A0D5F}
		{A63DD10E-7FC7-433C-A238-2BB8013A351C} = {A83EFD12-4D90-4B1D-94B5-A5A4305A0D5F}
		{99510CF8-5E10-4DA6-BFED-5C1CE0E65833} = {A83EFD12-4D90-4B1D-94B5-A5A4305A0D5F}
		{E674B19E-C7F9-42D6-B565-CD04ABE4A1AA} = {DC2D1937-72E7-4DD1-95C7-0DF2BC43E2F7}
		{A3C5CFD6-BED8-42E9-ADD0-4B57DA4F606E} = {E674B19E-C7F9-42D6-B565-CD04ABE4A1AA}
	EndGlobalSection
	GlobalSection(ExtensibilityGlobals) = postSolution
		SolutionGuid = {0290BC07-0DEC-4A9F-B398-A3765A1ED5C3}
	EndGlobalSection
EndGlobal
